<?xml version="1.0" encoding="utf-8"?>
<Project ToolsVersion="4.0" xmlns="http://schemas.microsoft.com/developer/msbuild/2003">
  <ItemGroup>
    <Filter Include="Source Files">
      <UniqueIdentifier>{4FC737F1-C7A5-4376-A066-2A32D752A2FF}</UniqueIdentifier>
      <Extensions>cpp;c;cc;cxx;def;odl;idl;hpj;bat;asm;asmx</Extensions>
    </Filter>
    <Filter Include="Header Files">
      <UniqueIdentifier>{93995380-89BD-4b04-88EB-625FBE52EBFB}</UniqueIdentifier>
      <Extensions>h;hpp;hxx;hm;inl;inc;xsd</Extensions>
    </Filter>
    <Filter Include="Resource Files">
      <UniqueIdentifier>{67DA6AB6-F800-4c08-8B7A-83BB121AAD01}</UniqueIdentifier>
      <Extensions>rc;ico;cur;bmp;dlg;rc2;rct;bin;rgs;gif;jpg;jpeg;jpe;resx;tiff;tif;png;wav;mfcribbon-ms</Extensions>
    </Filter>
    <Filter Include="Header Files\ColAHelL">
      <UniqueIdentifier>{6833081c-eba2-439d-80ca-df43b37016d5}</UniqueIdentifier>
    </Filter>
    <Filter Include="Source Files\ColAHelL">
      <UniqueIdentifier>{5bd00df2-7bb8-400f-b12f-f9b06ee94127}</UniqueIdentifier>
    </Filter>
  </ItemGroup>
  <ItemGroup>
    <Text Include="ReadMe.txt" />
    <Text Include="ColAHelL\Version.txt" />
    <Text Include="..\config.txt" />
  </ItemGroup>
  <ItemGroup>
    <ClInclude Include="stdafx.h">
      <Filter>Header Files</Filter>
    </ClInclude>
    <ClInclude Include="targetver.h">
      <Filter>Header Files</Filter>
    </ClInclude>
    <ClInclude Include="config_file_reader.h">
      <Filter>Header Files</Filter>
    </ClInclude>
    <ClInclude Include="Console.h">
      <Filter>Header Files</Filter>
    </ClInclude>
    <ClInclude Include="OS_Version.h">
      <Filter>Header Files</Filter>
    </ClInclude>
    <ClInclude Include="root_file_data_struct.h">
      <Filter>Header Files</Filter>
    </ClInclude>
    <ClInclude Include="Root_file_handler.h">
      <Filter>Header Files</Filter>
    </ClInclude>
    <ClInclude Include="Simple_Hist.h">
      <Filter>Header Files</Filter>
    </ClInclude>
    <ClInclude Include="ColAHelL\CH_Basics.h">
      <Filter>Header Files\ColAHelL</Filter>
    </ClInclude>
    <ClInclude Include="ColAHelL\CH_Diatomic.h">
      <Filter>Header Files\ColAHelL</Filter>
    </ClInclude>
    <ClInclude Include="ColAHelL\CH_electron.h">
      <Filter>Header Files\ColAHelL</Filter>
    </ClInclude>
    <ClInclude Include="ColAHelL\CH_Event.h">
      <Filter>Header Files\ColAHelL</Filter>
    </ClInclude>
    <ClInclude Include="ColAHelL\CH_FUN_Lowlevel.h">
      <Filter>Header Files\ColAHelL</Filter>
    </ClInclude>
    <ClInclude Include="ColAHelL\CH_Ion.h">
      <Filter>Header Files\ColAHelL</Filter>
    </ClInclude>
    <ClInclude Include="ColAHelL\CH_Particle.h">
      <Filter>Header Files\ColAHelL</Filter>
    </ClInclude>
    <ClInclude Include="ColAHelL\CH_Presorter.h">
      <Filter>Header Files\ColAHelL</Filter>
    </ClInclude>
    <ClInclude Include="ColAHelL\CH_Spectrometer.h">
      <Filter>Header Files\ColAHelL</Filter>
    </ClInclude>
    <ClInclude Include="ColAHelL\CH_Tof.h">
      <Filter>Header Files\ColAHelL</Filter>
    </ClInclude>
    <ClInclude Include="ColAHelL\ColAHelL.h">
      <Filter>Header Files\ColAHelL</Filter>
    </ClInclude>
  </ItemGroup>
  <ItemGroup>
    <ClCompile Include="CRAP.cpp">
      <Filter>Source Files</Filter>
    </ClCompile>
    <ClCompile Include="config_file_reader.cpp">
      <Filter>Source Files</Filter>
    </ClCompile>
    <ClCompile Include="console.cpp">
      <Filter>Source Files</Filter>
    </ClCompile>
    <ClCompile Include="Root_file_handler.cpp">
      <Filter>Source Files</Filter>
    </ClCompile>
    <ClCompile Include="Simple_Hist.cpp">
      <Filter>Source Files</Filter>
    </ClCompile>
    <ClCompile Include="..\Analysis.cpp">
      <Filter>Source Files</Filter>
    </ClCompile>
    <ClCompile Include="ColAHelL\CH_Tof.cpp">
      <Filter>Source Files\ColAHelL</Filter>
    </ClCompile>
    <ClCompile Include="ColAHelL\CH_Diatomic.cpp">
      <Filter>Source Files\ColAHelL</Filter>
    </ClCompile>
    <ClCompile Include="ColAHelL\CH_Electron.cpp">
      <Filter>Source Files\ColAHelL</Filter>
    </ClCompile>
    <ClCompile Include="ColAHelL\CH_FUN_Lowlevel.cpp">
      <Filter>Source Files\ColAHelL</Filter>
    </ClCompile>
    <ClCompile Include="ColAHelL\CH_Ion.cpp">
      <Filter>Source Files\ColAHelL</Filter>
    </ClCompile>
    <ClCompile Include="ColAHelL\CH_Particle.cpp">
      <Filter>Source Files\ColAHelL</Filter>
    </ClCompile>
    <ClCompile Include="ColAHelL\CH_Presorter.cpp">
      <Filter>Source Files\ColAHelL</Filter>
    </ClCompile>
    <ClCompile Include="ColAHelL\CH_Spectrometer.cpp">
      <Filter>Source Files\ColAHelL</Filter>
    </ClCompile>
  </ItemGroup>
</Project>